
Microsoft Visual Studio Solution File, Format Version 12.00
# Visual Studio Version 16
VisualStudioVersion = 16.0.29911.84
MinimumVisualStudioVersion = 10.0.40219.1
Project("{FAE04EC0-301F-11D3-BF4B-00C04F79EFBC}") = "MA.Curso.Servicio.WebApiAndVue", "MA.Curso.Servicio.WebApiAndVue\MA.Curso.Servicio.WebApiAndVue.csproj", "{B2A4FBEA-3FD2-491E-A446-B07E0C2B6509}"
EndProject
Global
	GlobalSection(SolutionConfigurationPlatforms) = preSolution
		Debug|Any CPU = Debug|Any CPU
		Release|Any CPU = Release|Any CPU
	EndGlobalSection
	GlobalSection(ProjectConfigurationPlatforms) = postSolution
		{B2A4FBEA-3FD2-491E-A446-B07E0C2B6509}.Debug|Any CPU.ActiveCfg = Debug|Any CPU
		{B2A4FBEA-3FD2-491E-A446-B07E0C2B6509}.Debug|Any CPU.Build.0 = Debug|Any CPU
		{B2A4FBEA-3FD2-491E-A446-B07E0C2B6509}.Release|Any CPU.ActiveCfg = Release|Any CPU
		{B2A4FBEA-3FD2-491E-A446-B07E0C2B6509}.Release|Any CPU.Build.0 = Release|Any CPU
	EndGlobalSection
	GlobalSection(SolutionProperties) = preSolution
		HideSolutionNode = FALSE
	EndGlobalSection
	GlobalSection(ExtensibilityGlobals) = postSolution
		SolutionGuid = {80687D82-773E-42B8-8994-F8FD39378DA1}
	EndGlobalSection
EndGlobal
